
Microsoft Visual Studio Solution File, Format Version 12.00
# Visual Studio 15
Project("{FAE04EC0-301F-11D3-BF4B-00C04F79EFBC}") = "Unity.XR.Interaction.Toolkit.Samples.StarterAssets.Editor", "Unity.XR.Interaction.Toolkit.Samples.StarterAssets.Editor.csproj", "{1DB6F7FD-5A8B-07B7-3695-38BDC71885AA}"
EndProject
Project("{FAE04EC0-301F-11D3-BF4B-00C04F79EFBC}") = "Unity.XR.Interaction.Toolkit.Samples.StarterAssets", "Unity.XR.Interaction.Toolkit.Samples.StarterAssets.csproj", "{8B7CC14C-8052-834E-281F-A78EF4DD6BB4}"
EndProject
Project("{FAE04EC0-301F-11D3-BF4B-00C04F79EFBC}") = "Unity.XR.Interaction.Toolkit.Samples.DeviceSimulator", "Unity.XR.Interaction.Toolkit.Samples.DeviceSimulator.csproj", "{5D38F961-4C76-CD25-39A2-CF7B6C367278}"
EndProject
Global
	GlobalSection(SolutionConfigurationPlatforms) = preSolution
		Debug|Any CPU = Debug|Any CPU
		Release|Any CPU = Release|Any CPU
	EndGlobalSection
	GlobalSection(ProjectConfigurationPlatforms) = postSolution
		{1DB6F7FD-5A8B-07B7-3695-38BDC71885AA}.Debug|Any CPU.ActiveCfg = Debug|Any CPU
		{1DB6F7FD-5A8B-07B7-3695-38BDC71885AA}.Debug|Any CPU.Build.0 = Debug|Any CPU
		{1DB6F7FD-5A8B-07B7-3695-38BDC71885AA}.Release|Any CPU.ActiveCfg = Release|Any CPU
		{1DB6F7FD-5A8B-07B7-3695-38BDC71885AA}.Release|Any CPU.Build.0 = Release|Any CPU
		{8B7CC14C-8052-834E-281F-A78EF4DD6BB4}.Debug|Any CPU.ActiveCfg = Debug|Any CPU
		{8B7CC14C-8052-834E-281F-A78EF4DD6BB4}.Debug|Any CPU.Build.0 = Debug|Any CPU
		{8B7CC14C-8052-834E-281F-A78EF4DD6BB4}.Release|Any CPU.ActiveCfg = Release|Any CPU
		{8B7CC14C-8052-834E-281F-A78EF4DD6BB4}.Release|Any CPU.Build.0 = Release|Any CPU
		{5D38F961-4C76-CD25-39A2-CF7B6C367278}.Debug|Any CPU.ActiveCfg = Debug|Any CPU
		{5D38F961-4C76-CD25-39A2-CF7B6C367278}.Debug|Any CPU.Build.0 = Debug|Any CPU
		{5D38F961-4C76-CD25-39A2-CF7B6C367278}.Release|Any CPU.ActiveCfg = Release|Any CPU
		{5D38F961-4C76-CD25-39A2-CF7B6C367278}.Release|Any CPU.Build.0 = Release|Any CPU
	EndGlobalSection
	GlobalSection(SolutionProperties) = preSolution
		HideSolutionNode = FALSE
	EndGlobalSection
EndGlobal
