
Microsoft Visual Studio Solution File, Format Version 12.00
# Visual Studio 15
Project("{FAE04EC0-301F-11D3-BF4B-00C04F79EFBC}") = "Assembly-CSharp", "Assembly-CSharp.csproj", "{AD268B33-B21A-BF31-87A0-FE8B2E6D0636}"
EndProject
Project("{FAE04EC0-301F-11D3-BF4B-00C04F79EFBC}") = "Unity.XR.Interaction.Toolkit.Samples.StarterAssets.Editor", "Unity.XR.Interaction.Toolkit.Samples.StarterAssets.Editor.csproj", "{56A0AF66-C0CB-CB96-BBAD-6C74B7814052}"
EndProject
Project("{FAE04EC0-301F-11D3-BF4B-00C04F79EFBC}") = "PrimeTween.Demo", "PrimeTween.Demo.csproj", "{3027382B-2320-7054-A2AD-E466D15DC4B8}"
EndProject
Project("{FAE04EC0-301F-11D3-BF4B-00C04F79EFBC}") = "Unity.XR.Interaction.Toolkit.Samples.StarterAssets", "Unity.XR.Interaction.Toolkit.Samples.StarterAssets.csproj", "{24A27A48-7607-7271-B521-5F3D1627FDCD}"
EndProject
Project("{FAE04EC0-301F-11D3-BF4B-00C04F79EFBC}") = "Unity.XR.Interaction.Toolkit.Samples.DeviceSimulator", "Unity.XR.Interaction.Toolkit.Samples.DeviceSimulator.csproj", "{A3B9E33D-B536-22C0-4E6C-01C12C88E060}"
EndProject
Project("{FAE04EC0-301F-11D3-BF4B-00C04F79EFBC}") = "PrimeTween.Debug", "PrimeTween.Debug.csproj", "{A0B801CD-CA8F-9D4A-E08F-4A0B84D211B6}"
EndProject
Project("{FAE04EC0-301F-11D3-BF4B-00C04F79EFBC}") = "PrimeTween.Installer", "PrimeTween.Installer.csproj", "{B4941B0A-6BC5-58CD-B733-53DB6AEB30FA}"
EndProject
Global
	GlobalSection(SolutionConfigurationPlatforms) = preSolution
		Debug|Any CPU = Debug|Any CPU
		Release|Any CPU = Release|Any CPU
	EndGlobalSection
	GlobalSection(ProjectConfigurationPlatforms) = postSolution
		{AD268B33-B21A-BF31-87A0-FE8B2E6D0636}.Debug|Any CPU.ActiveCfg = Debug|Any CPU
		{AD268B33-B21A-BF31-87A0-FE8B2E6D0636}.Debug|Any CPU.Build.0 = Debug|Any CPU
		{AD268B33-B21A-BF31-87A0-FE8B2E6D0636}.Release|Any CPU.ActiveCfg = Release|Any CPU
		{AD268B33-B21A-BF31-87A0-FE8B2E6D0636}.Release|Any CPU.Build.0 = Release|Any CPU
		{56A0AF66-C0CB-CB96-BBAD-6C74B7814052}.Debug|Any CPU.ActiveCfg = Debug|Any CPU
		{56A0AF66-C0CB-CB96-BBAD-6C74B7814052}.Debug|Any CPU.Build.0 = Debug|Any CPU
		{56A0AF66-C0CB-CB96-BBAD-6C74B7814052}.Release|Any CPU.ActiveCfg = Release|Any CPU
		{56A0AF66-C0CB-CB96-BBAD-6C74B7814052}.Release|Any CPU.Build.0 = Release|Any CPU
		{3027382B-2320-7054-A2AD-E466D15DC4B8}.Debug|Any CPU.ActiveCfg = Debug|Any CPU
		{3027382B-2320-7054-A2AD-E466D15DC4B8}.Debug|Any CPU.Build.0 = Debug|Any CPU
		{3027382B-2320-7054-A2AD-E466D15DC4B8}.Release|Any CPU.ActiveCfg = Release|Any CPU
		{3027382B-2320-7054-A2AD-E466D15DC4B8}.Release|Any CPU.Build.0 = Release|Any CPU
		{24A27A48-7607-7271-B521-5F3D1627FDCD}.Debug|Any CPU.ActiveCfg = Debug|Any CPU
		{24A27A48-7607-7271-B521-5F3D1627FDCD}.Debug|Any CPU.Build.0 = Debug|Any CPU
		{24A27A48-7607-7271-B521-5F3D1627FDCD}.Release|Any CPU.ActiveCfg = Release|Any CPU
		{24A27A48-7607-7271-B521-5F3D1627FDCD}.Release|Any CPU.Build.0 = Release|Any CPU
		{A3B9E33D-B536-22C0-4E6C-01C12C88E060}.Debug|Any CPU.ActiveCfg = Debug|Any CPU
		{A3B9E33D-B536-22C0-4E6C-01C12C88E060}.Debug|Any CPU.Build.0 = Debug|Any CPU
		{A3B9E33D-B536-22C0-4E6C-01C12C88E060}.Release|Any CPU.ActiveCfg = Release|Any CPU
		{A3B9E33D-B536-22C0-4E6C-01C12C88E060}.Release|Any CPU.Build.0 = Release|Any CPU
		{A0B801CD-CA8F-9D4A-E08F-4A0B84D211B6}.Debug|Any CPU.ActiveCfg = Debug|Any CPU
		{A0B801CD-CA8F-9D4A-E08F-4A0B84D211B6}.Debug|Any CPU.Build.0 = Debug|Any CPU
		{A0B801CD-CA8F-9D4A-E08F-4A0B84D211B6}.Release|Any CPU.ActiveCfg = Release|Any CPU
		{A0B801CD-CA8F-9D4A-E08F-4A0B84D211B6}.Release|Any CPU.Build.0 = Release|Any CPU
		{B4941B0A-6BC5-58CD-B733-53DB6AEB30FA}.Debug|Any CPU.ActiveCfg = Debug|Any CPU
		{B4941B0A-6BC5-58CD-B733-53DB6AEB30FA}.Debug|Any CPU.Build.0 = Debug|Any CPU
		{B4941B0A-6BC5-58CD-B733-53DB6AEB30FA}.Release|Any CPU.ActiveCfg = Release|Any CPU
		{B4941B0A-6BC5-58CD-B733-53DB6AEB30FA}.Release|Any CPU.Build.0 = Release|Any CPU
	EndGlobalSection
	GlobalSection(SolutionProperties) = preSolution
		HideSolutionNode = FALSE
	EndGlobalSection
EndGlobal
