
Microsoft Visual Studio Solution File, Format Version 12.00
# Visual Studio 15
Project("{FAE04EC0-301F-11D3-BF4B-00C04F79EFBC}") = "Assembly-CSharp", "Assembly-CSharp.csproj", "{D0F08645-3D32-C0F9-44BE-25C927B421F8}"
EndProject
Project("{FAE04EC0-301F-11D3-BF4B-00C04F79EFBC}") = "Unity.XR.Interaction.Toolkit.Samples.StarterAssets.Editor", "Unity.XR.Interaction.Toolkit.Samples.StarterAssets.Editor.csproj", "{4FA00ED7-3402-0A95-32F7-6692B95A57E3}"
EndProject
Project("{FAE04EC0-301F-11D3-BF4B-00C04F79EFBC}") = "PrimeTween.Demo", "PrimeTween.Demo.csproj", "{E62661E4-98F5-46E4-7261-31436FFBA601}"
EndProject
Project("{FAE04EC0-301F-11D3-BF4B-00C04F79EFBC}") = "Unity.XR.Interaction.Toolkit.Samples.StarterAssets", "Unity.XR.Interaction.Toolkit.Samples.StarterAssets.csproj", "{A7AC4FEE-251C-4C07-7C34-3B796561ABCD}"
EndProject
Project("{FAE04EC0-301F-11D3-BF4B-00C04F79EFBC}") = "Unity.XR.Interaction.Toolkit.Samples.DeviceSimulator", "Unity.XR.Interaction.Toolkit.Samples.DeviceSimulator.csproj", "{49EE1678-D4C2-034E-62BB-AD13B8072EDE}"
EndProject
Project("{FAE04EC0-301F-11D3-BF4B-00C04F79EFBC}") = "PrimeTween.Debug", "PrimeTween.Debug.csproj", "{B5FD422E-2407-FBA9-CC7F-A59F5B27F3C0}"
EndProject
Project("{FAE04EC0-301F-11D3-BF4B-00C04F79EFBC}") = "PrimeTween.Installer", "PrimeTween.Installer.csproj", "{DEB16828-D7F6-E8CF-CFD4-01D7127758E4}"
EndProject
Global
	GlobalSection(SolutionConfigurationPlatforms) = preSolution
		Debug|Any CPU = Debug|Any CPU
		Release|Any CPU = Release|Any CPU
	EndGlobalSection
	GlobalSection(ProjectConfigurationPlatforms) = postSolution
		{D0F08645-3D32-C0F9-44BE-25C927B421F8}.Debug|Any CPU.ActiveCfg = Debug|Any CPU
		{D0F08645-3D32-C0F9-44BE-25C927B421F8}.Debug|Any CPU.Build.0 = Debug|Any CPU
		{D0F08645-3D32-C0F9-44BE-25C927B421F8}.Release|Any CPU.ActiveCfg = Release|Any CPU
		{D0F08645-3D32-C0F9-44BE-25C927B421F8}.Release|Any CPU.Build.0 = Release|Any CPU
		{4FA00ED7-3402-0A95-32F7-6692B95A57E3}.Debug|Any CPU.ActiveCfg = Debug|Any CPU
		{4FA00ED7-3402-0A95-32F7-6692B95A57E3}.Debug|Any CPU.Build.0 = Debug|Any CPU
		{4FA00ED7-3402-0A95-32F7-6692B95A57E3}.Release|Any CPU.ActiveCfg = Release|Any CPU
		{4FA00ED7-3402-0A95-32F7-6692B95A57E3}.Release|Any CPU.Build.0 = Release|Any CPU
		{E62661E4-98F5-46E4-7261-31436FFBA601}.Debug|Any CPU.ActiveCfg = Debug|Any CPU
		{E62661E4-98F5-46E4-7261-31436FFBA601}.Debug|Any CPU.Build.0 = Debug|Any CPU
		{E62661E4-98F5-46E4-7261-31436FFBA601}.Release|Any CPU.ActiveCfg = Release|Any CPU
		{E62661E4-98F5-46E4-7261-31436FFBA601}.Release|Any CPU.Build.0 = Release|Any CPU
		{A7AC4FEE-251C-4C07-7C34-3B796561ABCD}.Debug|Any CPU.ActiveCfg = Debug|Any CPU
		{A7AC4FEE-251C-4C07-7C34-3B796561ABCD}.Debug|Any CPU.Build.0 = Debug|Any CPU
		{A7AC4FEE-251C-4C07-7C34-3B796561ABCD}.Release|Any CPU.ActiveCfg = Release|Any CPU
		{A7AC4FEE-251C-4C07-7C34-3B796561ABCD}.Release|Any CPU.Build.0 = Release|Any CPU
		{49EE1678-D4C2-034E-62BB-AD13B8072EDE}.Debug|Any CPU.ActiveCfg = Debug|Any CPU
		{49EE1678-D4C2-034E-62BB-AD13B8072EDE}.Debug|Any CPU.Build.0 = Debug|Any CPU
		{49EE1678-D4C2-034E-62BB-AD13B8072EDE}.Release|Any CPU.ActiveCfg = Release|Any CPU
		{49EE1678-D4C2-034E-62BB-AD13B8072EDE}.Release|Any CPU.Build.0 = Release|Any CPU
		{B5FD422E-2407-FBA9-CC7F-A59F5B27F3C0}.Debug|Any CPU.ActiveCfg = Debug|Any CPU
		{B5FD422E-2407-FBA9-CC7F-A59F5B27F3C0}.Debug|Any CPU.Build.0 = Debug|Any CPU
		{B5FD422E-2407-FBA9-CC7F-A59F5B27F3C0}.Release|Any CPU.ActiveCfg = Release|Any CPU
		{B5FD422E-2407-FBA9-CC7F-A59F5B27F3C0}.Release|Any CPU.Build.0 = Release|Any CPU
		{DEB16828-D7F6-E8CF-CFD4-01D7127758E4}.Debug|Any CPU.ActiveCfg = Debug|Any CPU
		{DEB16828-D7F6-E8CF-CFD4-01D7127758E4}.Debug|Any CPU.Build.0 = Debug|Any CPU
		{DEB16828-D7F6-E8CF-CFD4-01D7127758E4}.Release|Any CPU.ActiveCfg = Release|Any CPU
		{DEB16828-D7F6-E8CF-CFD4-01D7127758E4}.Release|Any CPU.Build.0 = Release|Any CPU
	EndGlobalSection
	GlobalSection(SolutionProperties) = preSolution
		HideSolutionNode = FALSE
	EndGlobalSection
EndGlobal
