
Microsoft Visual Studio Solution File, Format Version 12.00
# Visual Studio 15
Project("{FAE04EC0-301F-11D3-BF4B-00C04F79EFBC}") = "PrimeTween.Demo", "PrimeTween.Demo.csproj", "{DB0A6E04-162A-B724-574D-FCB31FF72476}"
EndProject
Project("{FAE04EC0-301F-11D3-BF4B-00C04F79EFBC}") = "Assembly-CSharp", "Assembly-CSharp.csproj", "{B5E2183F-BD5C-0410-2499-108402640958}"
EndProject
Project("{FAE04EC0-301F-11D3-BF4B-00C04F79EFBC}") = "Unity.XR.Interaction.Toolkit.Samples.StarterAssets.Editor", "Unity.XR.Interaction.Toolkit.Samples.StarterAssets.Editor.csproj", "{0AC9EAD4-9C9B-FC55-EE84-D3D4EA868B12}"
EndProject
Project("{FAE04EC0-301F-11D3-BF4B-00C04F79EFBC}") = "PrimeTween.Debug", "PrimeTween.Debug.csproj", "{43EC4DE7-7103-7D57-B404-AD265E118878}"
EndProject
Project("{FAE04EC0-301F-11D3-BF4B-00C04F79EFBC}") = "Unity.XR.Interaction.Toolkit.Samples.StarterAssets", "Unity.XR.Interaction.Toolkit.Samples.StarterAssets.csproj", "{A255F062-0C16-2928-D6A9-D4EBE8121CA5}"
EndProject
Project("{FAE04EC0-301F-11D3-BF4B-00C04F79EFBC}") = "Unity.XR.Interaction.Toolkit.Samples.DeviceSimulator", "Unity.XR.Interaction.Toolkit.Samples.DeviceSimulator.csproj", "{45E90660-5A21-E793-5045-7060D0B4507E}"
EndProject
Project("{FAE04EC0-301F-11D3-BF4B-00C04F79EFBC}") = "PrimeTween.Installer", "PrimeTween.Installer.csproj", "{6F9FBEE0-81E2-DB13-52AA-0BD52D7D76E5}"
EndProject
Global
	GlobalSection(SolutionConfigurationPlatforms) = preSolution
		Debug|Any CPU = Debug|Any CPU
		Release|Any CPU = Release|Any CPU
	EndGlobalSection
	GlobalSection(ProjectConfigurationPlatforms) = postSolution
		{DB0A6E04-162A-B724-574D-FCB31FF72476}.Debug|Any CPU.ActiveCfg = Debug|Any CPU
		{DB0A6E04-162A-B724-574D-FCB31FF72476}.Debug|Any CPU.Build.0 = Debug|Any CPU
		{DB0A6E04-162A-B724-574D-FCB31FF72476}.Release|Any CPU.ActiveCfg = Release|Any CPU
		{DB0A6E04-162A-B724-574D-FCB31FF72476}.Release|Any CPU.Build.0 = Release|Any CPU
		{B5E2183F-BD5C-0410-2499-108402640958}.Debug|Any CPU.ActiveCfg = Debug|Any CPU
		{B5E2183F-BD5C-0410-2499-108402640958}.Debug|Any CPU.Build.0 = Debug|Any CPU
		{B5E2183F-BD5C-0410-2499-108402640958}.Release|Any CPU.ActiveCfg = Release|Any CPU
		{B5E2183F-BD5C-0410-2499-108402640958}.Release|Any CPU.Build.0 = Release|Any CPU
		{0AC9EAD4-9C9B-FC55-EE84-D3D4EA868B12}.Debug|Any CPU.ActiveCfg = Debug|Any CPU
		{0AC9EAD4-9C9B-FC55-EE84-D3D4EA868B12}.Debug|Any CPU.Build.0 = Debug|Any CPU
		{0AC9EAD4-9C9B-FC55-EE84-D3D4EA868B12}.Release|Any CPU.ActiveCfg = Release|Any CPU
		{0AC9EAD4-9C9B-FC55-EE84-D3D4EA868B12}.Release|Any CPU.Build.0 = Release|Any CPU
		{43EC4DE7-7103-7D57-B404-AD265E118878}.Debug|Any CPU.ActiveCfg = Debug|Any CPU
		{43EC4DE7-7103-7D57-B404-AD265E118878}.Debug|Any CPU.Build.0 = Debug|Any CPU
		{43EC4DE7-7103-7D57-B404-AD265E118878}.Release|Any CPU.ActiveCfg = Release|Any CPU
		{43EC4DE7-7103-7D57-B404-AD265E118878}.Release|Any CPU.Build.0 = Release|Any CPU
		{A255F062-0C16-2928-D6A9-D4EBE8121CA5}.Debug|Any CPU.ActiveCfg = Debug|Any CPU
		{A255F062-0C16-2928-D6A9-D4EBE8121CA5}.Debug|Any CPU.Build.0 = Debug|Any CPU
		{A255F062-0C16-2928-D6A9-D4EBE8121CA5}.Release|Any CPU.ActiveCfg = Release|Any CPU
		{A255F062-0C16-2928-D6A9-D4EBE8121CA5}.Release|Any CPU.Build.0 = Release|Any CPU
		{45E90660-5A21-E793-5045-7060D0B4507E}.Debug|Any CPU.ActiveCfg = Debug|Any CPU
		{45E90660-5A21-E793-5045-7060D0B4507E}.Debug|Any CPU.Build.0 = Debug|Any CPU
		{45E90660-5A21-E793-5045-7060D0B4507E}.Release|Any CPU.ActiveCfg = Release|Any CPU
		{45E90660-5A21-E793-5045-7060D0B4507E}.Release|Any CPU.Build.0 = Release|Any CPU
		{6F9FBEE0-81E2-DB13-52AA-0BD52D7D76E5}.Debug|Any CPU.ActiveCfg = Debug|Any CPU
		{6F9FBEE0-81E2-DB13-52AA-0BD52D7D76E5}.Debug|Any CPU.Build.0 = Debug|Any CPU
		{6F9FBEE0-81E2-DB13-52AA-0BD52D7D76E5}.Release|Any CPU.ActiveCfg = Release|Any CPU
		{6F9FBEE0-81E2-DB13-52AA-0BD52D7D76E5}.Release|Any CPU.Build.0 = Release|Any CPU
	EndGlobalSection
	GlobalSection(SolutionProperties) = preSolution
		HideSolutionNode = FALSE
	EndGlobalSection
EndGlobal
