
Microsoft Visual Studio Solution File, Format Version 12.00
# Visual Studio 15
Project("{FAE04EC0-301F-11D3-BF4B-00C04F79EFBC}") = "PrimeTween.Demo", "PrimeTween.Demo.csproj", "{73F9C659-B3C8-C375-2E3C-489E30525F20}"
EndProject
Project("{FAE04EC0-301F-11D3-BF4B-00C04F79EFBC}") = "Assembly-CSharp", "Assembly-CSharp.csproj", "{7D757E8C-AF1A-DF21-E183-C7B703D94ECC}"
EndProject
Project("{FAE04EC0-301F-11D3-BF4B-00C04F79EFBC}") = "Unity.XR.Interaction.Toolkit.Samples.StarterAssets.Editor", "Unity.XR.Interaction.Toolkit.Samples.StarterAssets.Editor.csproj", "{3D37696C-2589-4514-432A-28EA53244F06}"
EndProject
Project("{FAE04EC0-301F-11D3-BF4B-00C04F79EFBC}") = "PrimeTween.Debug", "PrimeTween.Debug.csproj", "{3A9AD71F-4A29-3BAA-07FD-C8884D5482E9}"
EndProject
Project("{FAE04EC0-301F-11D3-BF4B-00C04F79EFBC}") = "Unity.XR.Interaction.Toolkit.Samples.StarterAssets", "Unity.XR.Interaction.Toolkit.Samples.StarterAssets.csproj", "{16822DD7-8E3C-1ABF-3E2D-34872D03A43F}"
EndProject
Project("{FAE04EC0-301F-11D3-BF4B-00C04F79EFBC}") = "Unity.XR.Interaction.Toolkit.Samples.DeviceSimulator", "Unity.XR.Interaction.Toolkit.Samples.DeviceSimulator.csproj", "{DDB39D1A-7A90-7C1A-ECBD-63E3742FEAD2}"
EndProject
Project("{FAE04EC0-301F-11D3-BF4B-00C04F79EFBC}") = "PrimeTween.Installer", "PrimeTween.Installer.csproj", "{5527CD05-A6DE-FDE4-0B1B-0DCEDC2DCA60}"
EndProject
Global
	GlobalSection(SolutionConfigurationPlatforms) = preSolution
		Debug|Any CPU = Debug|Any CPU
		Release|Any CPU = Release|Any CPU
	EndGlobalSection
	GlobalSection(ProjectConfigurationPlatforms) = postSolution
		{73F9C659-B3C8-C375-2E3C-489E30525F20}.Debug|Any CPU.ActiveCfg = Debug|Any CPU
		{73F9C659-B3C8-C375-2E3C-489E30525F20}.Debug|Any CPU.Build.0 = Debug|Any CPU
		{73F9C659-B3C8-C375-2E3C-489E30525F20}.Release|Any CPU.ActiveCfg = Release|Any CPU
		{73F9C659-B3C8-C375-2E3C-489E30525F20}.Release|Any CPU.Build.0 = Release|Any CPU
		{7D757E8C-AF1A-DF21-E183-C7B703D94ECC}.Debug|Any CPU.ActiveCfg = Debug|Any CPU
		{7D757E8C-AF1A-DF21-E183-C7B703D94ECC}.Debug|Any CPU.Build.0 = Debug|Any CPU
		{7D757E8C-AF1A-DF21-E183-C7B703D94ECC}.Release|Any CPU.ActiveCfg = Release|Any CPU
		{7D757E8C-AF1A-DF21-E183-C7B703D94ECC}.Release|Any CPU.Build.0 = Release|Any CPU
		{3D37696C-2589-4514-432A-28EA53244F06}.Debug|Any CPU.ActiveCfg = Debug|Any CPU
		{3D37696C-2589-4514-432A-28EA53244F06}.Debug|Any CPU.Build.0 = Debug|Any CPU
		{3D37696C-2589-4514-432A-28EA53244F06}.Release|Any CPU.ActiveCfg = Release|Any CPU
		{3D37696C-2589-4514-432A-28EA53244F06}.Release|Any CPU.Build.0 = Release|Any CPU
		{3A9AD71F-4A29-3BAA-07FD-C8884D5482E9}.Debug|Any CPU.ActiveCfg = Debug|Any CPU
		{3A9AD71F-4A29-3BAA-07FD-C8884D5482E9}.Debug|Any CPU.Build.0 = Debug|Any CPU
		{3A9AD71F-4A29-3BAA-07FD-C8884D5482E9}.Release|Any CPU.ActiveCfg = Release|Any CPU
		{3A9AD71F-4A29-3BAA-07FD-C8884D5482E9}.Release|Any CPU.Build.0 = Release|Any CPU
		{16822DD7-8E3C-1ABF-3E2D-34872D03A43F}.Debug|Any CPU.ActiveCfg = Debug|Any CPU
		{16822DD7-8E3C-1ABF-3E2D-34872D03A43F}.Debug|Any CPU.Build.0 = Debug|Any CPU
		{16822DD7-8E3C-1ABF-3E2D-34872D03A43F}.Release|Any CPU.ActiveCfg = Release|Any CPU
		{16822DD7-8E3C-1ABF-3E2D-34872D03A43F}.Release|Any CPU.Build.0 = Release|Any CPU
		{DDB39D1A-7A90-7C1A-ECBD-63E3742FEAD2}.Debug|Any CPU.ActiveCfg = Debug|Any CPU
		{DDB39D1A-7A90-7C1A-ECBD-63E3742FEAD2}.Debug|Any CPU.Build.0 = Debug|Any CPU
		{DDB39D1A-7A90-7C1A-ECBD-63E3742FEAD2}.Release|Any CPU.ActiveCfg = Release|Any CPU
		{DDB39D1A-7A90-7C1A-ECBD-63E3742FEAD2}.Release|Any CPU.Build.0 = Release|Any CPU
		{5527CD05-A6DE-FDE4-0B1B-0DCEDC2DCA60}.Debug|Any CPU.ActiveCfg = Debug|Any CPU
		{5527CD05-A6DE-FDE4-0B1B-0DCEDC2DCA60}.Debug|Any CPU.Build.0 = Debug|Any CPU
		{5527CD05-A6DE-FDE4-0B1B-0DCEDC2DCA60}.Release|Any CPU.ActiveCfg = Release|Any CPU
		{5527CD05-A6DE-FDE4-0B1B-0DCEDC2DCA60}.Release|Any CPU.Build.0 = Release|Any CPU
	EndGlobalSection
	GlobalSection(SolutionProperties) = preSolution
		HideSolutionNode = FALSE
	EndGlobalSection
EndGlobal
