
Microsoft Visual Studio Solution File, Format Version 12.00
# Visual Studio 15
Project("{FAE04EC0-301F-11D3-BF4B-00C04F79EFBC}") = "PrimeTween.Demo", "PrimeTween.Demo.csproj", "{A2AE8C23-3320-E7B1-9053-500375C00D40}"
EndProject
Project("{FAE04EC0-301F-11D3-BF4B-00C04F79EFBC}") = "Assembly-CSharp", "Assembly-CSharp.csproj", "{C0061969-7D60-B861-98DD-5D9FFD3C9903}"
EndProject
Project("{FAE04EC0-301F-11D3-BF4B-00C04F79EFBC}") = "Unity.XR.Interaction.Toolkit.Samples.StarterAssets.Editor", "Unity.XR.Interaction.Toolkit.Samples.StarterAssets.Editor.csproj", "{AFA991EB-7B57-0521-5935-DC05EE973F1F}"
EndProject
Project("{FAE04EC0-301F-11D3-BF4B-00C04F79EFBC}") = "PrimeTween.Debug", "PrimeTween.Debug.csproj", "{7B6193C1-DB52-B346-311E-946C5C03FE5D}"
EndProject
Project("{FAE04EC0-301F-11D3-BF4B-00C04F79EFBC}") = "Unity.XR.Interaction.Toolkit.Samples.StarterAssets", "Unity.XR.Interaction.Toolkit.Samples.StarterAssets.csproj", "{8008C781-814B-DA5A-E871-C0498FFD905F}"
EndProject
Project("{FAE04EC0-301F-11D3-BF4B-00C04F79EFBC}") = "Unity.XR.Interaction.Toolkit.Samples.DeviceSimulator", "Unity.XR.Interaction.Toolkit.Samples.DeviceSimulator.csproj", "{04975602-F9CE-11A5-ECC0-0553FF068313}"
EndProject
Project("{FAE04EC0-301F-11D3-BF4B-00C04F79EFBC}") = "PrimeTween.Installer", "PrimeTween.Installer.csproj", "{3018ADF3-17FD-ABDE-6576-A743D99BC3DC}"
EndProject
Global
	GlobalSection(SolutionConfigurationPlatforms) = preSolution
		Debug|Any CPU = Debug|Any CPU
		Release|Any CPU = Release|Any CPU
	EndGlobalSection
	GlobalSection(ProjectConfigurationPlatforms) = postSolution
		{A2AE8C23-3320-E7B1-9053-500375C00D40}.Debug|Any CPU.ActiveCfg = Debug|Any CPU
		{A2AE8C23-3320-E7B1-9053-500375C00D40}.Debug|Any CPU.Build.0 = Debug|Any CPU
		{A2AE8C23-3320-E7B1-9053-500375C00D40}.Release|Any CPU.ActiveCfg = Release|Any CPU
		{A2AE8C23-3320-E7B1-9053-500375C00D40}.Release|Any CPU.Build.0 = Release|Any CPU
		{C0061969-7D60-B861-98DD-5D9FFD3C9903}.Debug|Any CPU.ActiveCfg = Debug|Any CPU
		{C0061969-7D60-B861-98DD-5D9FFD3C9903}.Debug|Any CPU.Build.0 = Debug|Any CPU
		{C0061969-7D60-B861-98DD-5D9FFD3C9903}.Release|Any CPU.ActiveCfg = Release|Any CPU
		{C0061969-7D60-B861-98DD-5D9FFD3C9903}.Release|Any CPU.Build.0 = Release|Any CPU
		{AFA991EB-7B57-0521-5935-DC05EE973F1F}.Debug|Any CPU.ActiveCfg = Debug|Any CPU
		{AFA991EB-7B57-0521-5935-DC05EE973F1F}.Debug|Any CPU.Build.0 = Debug|Any CPU
		{AFA991EB-7B57-0521-5935-DC05EE973F1F}.Release|Any CPU.ActiveCfg = Release|Any CPU
		{AFA991EB-7B57-0521-5935-DC05EE973F1F}.Release|Any CPU.Build.0 = Release|Any CPU
		{7B6193C1-DB52-B346-311E-946C5C03FE5D}.Debug|Any CPU.ActiveCfg = Debug|Any CPU
		{7B6193C1-DB52-B346-311E-946C5C03FE5D}.Debug|Any CPU.Build.0 = Debug|Any CPU
		{7B6193C1-DB52-B346-311E-946C5C03FE5D}.Release|Any CPU.ActiveCfg = Release|Any CPU
		{7B6193C1-DB52-B346-311E-946C5C03FE5D}.Release|Any CPU.Build.0 = Release|Any CPU
		{8008C781-814B-DA5A-E871-C0498FFD905F}.Debug|Any CPU.ActiveCfg = Debug|Any CPU
		{8008C781-814B-DA5A-E871-C0498FFD905F}.Debug|Any CPU.Build.0 = Debug|Any CPU
		{8008C781-814B-DA5A-E871-C0498FFD905F}.Release|Any CPU.ActiveCfg = Release|Any CPU
		{8008C781-814B-DA5A-E871-C0498FFD905F}.Release|Any CPU.Build.0 = Release|Any CPU
		{04975602-F9CE-11A5-ECC0-0553FF068313}.Debug|Any CPU.ActiveCfg = Debug|Any CPU
		{04975602-F9CE-11A5-ECC0-0553FF068313}.Debug|Any CPU.Build.0 = Debug|Any CPU
		{04975602-F9CE-11A5-ECC0-0553FF068313}.Release|Any CPU.ActiveCfg = Release|Any CPU
		{04975602-F9CE-11A5-ECC0-0553FF068313}.Release|Any CPU.Build.0 = Release|Any CPU
		{3018ADF3-17FD-ABDE-6576-A743D99BC3DC}.Debug|Any CPU.ActiveCfg = Debug|Any CPU
		{3018ADF3-17FD-ABDE-6576-A743D99BC3DC}.Debug|Any CPU.Build.0 = Debug|Any CPU
		{3018ADF3-17FD-ABDE-6576-A743D99BC3DC}.Release|Any CPU.ActiveCfg = Release|Any CPU
		{3018ADF3-17FD-ABDE-6576-A743D99BC3DC}.Release|Any CPU.Build.0 = Release|Any CPU
	EndGlobalSection
	GlobalSection(SolutionProperties) = preSolution
		HideSolutionNode = FALSE
	EndGlobalSection
EndGlobal
