
Microsoft Visual Studio Solution File, Format Version 12.00
# Visual Studio 15
Project("{FAE04EC0-301F-11D3-BF4B-00C04F79EFBC}") = "PrimeTween.Demo", "PrimeTween.Demo.csproj", "{8ACF2755-DF9B-3049-D29F-7A47E2023B09}"
EndProject
Project("{FAE04EC0-301F-11D3-BF4B-00C04F79EFBC}") = "Assembly-CSharp", "Assembly-CSharp.csproj", "{08E9FF57-8649-8F12-361E-44EFFBA3EAE5}"
EndProject
Project("{FAE04EC0-301F-11D3-BF4B-00C04F79EFBC}") = "Unity.XR.Interaction.Toolkit.Samples.StarterAssets.Editor", "Unity.XR.Interaction.Toolkit.Samples.StarterAssets.Editor.csproj", "{82A646FA-450C-600A-EB85-67D42343EA92}"
EndProject
Project("{FAE04EC0-301F-11D3-BF4B-00C04F79EFBC}") = "PrimeTween.Debug", "PrimeTween.Debug.csproj", "{820E7C0F-E7E7-1380-F4EC-5DDF3E371FEE}"
EndProject
Project("{FAE04EC0-301F-11D3-BF4B-00C04F79EFBC}") = "Unity.XR.Interaction.Toolkit.Samples.StarterAssets", "Unity.XR.Interaction.Toolkit.Samples.StarterAssets.csproj", "{8154C166-4041-1B69-BDD0-6C1506B8B551}"
EndProject
Project("{FAE04EC0-301F-11D3-BF4B-00C04F79EFBC}") = "Unity.XR.Interaction.Toolkit.Samples.DeviceSimulator", "Unity.XR.Interaction.Toolkit.Samples.DeviceSimulator.csproj", "{1EBF83B4-3A6F-88E1-13F0-562AF2FDF6B9}"
EndProject
Project("{FAE04EC0-301F-11D3-BF4B-00C04F79EFBC}") = "PrimeTween.Installer", "PrimeTween.Installer.csproj", "{262BB95C-909F-F933-244B-A77F53E19B04}"
EndProject
Global
	GlobalSection(SolutionConfigurationPlatforms) = preSolution
		Debug|Any CPU = Debug|Any CPU
		Release|Any CPU = Release|Any CPU
	EndGlobalSection
	GlobalSection(ProjectConfigurationPlatforms) = postSolution
		{8ACF2755-DF9B-3049-D29F-7A47E2023B09}.Debug|Any CPU.ActiveCfg = Debug|Any CPU
		{8ACF2755-DF9B-3049-D29F-7A47E2023B09}.Debug|Any CPU.Build.0 = Debug|Any CPU
		{8ACF2755-DF9B-3049-D29F-7A47E2023B09}.Release|Any CPU.ActiveCfg = Release|Any CPU
		{8ACF2755-DF9B-3049-D29F-7A47E2023B09}.Release|Any CPU.Build.0 = Release|Any CPU
		{08E9FF57-8649-8F12-361E-44EFFBA3EAE5}.Debug|Any CPU.ActiveCfg = Debug|Any CPU
		{08E9FF57-8649-8F12-361E-44EFFBA3EAE5}.Debug|Any CPU.Build.0 = Debug|Any CPU
		{08E9FF57-8649-8F12-361E-44EFFBA3EAE5}.Release|Any CPU.ActiveCfg = Release|Any CPU
		{08E9FF57-8649-8F12-361E-44EFFBA3EAE5}.Release|Any CPU.Build.0 = Release|Any CPU
		{82A646FA-450C-600A-EB85-67D42343EA92}.Debug|Any CPU.ActiveCfg = Debug|Any CPU
		{82A646FA-450C-600A-EB85-67D42343EA92}.Debug|Any CPU.Build.0 = Debug|Any CPU
		{82A646FA-450C-600A-EB85-67D42343EA92}.Release|Any CPU.ActiveCfg = Release|Any CPU
		{82A646FA-450C-600A-EB85-67D42343EA92}.Release|Any CPU.Build.0 = Release|Any CPU
		{820E7C0F-E7E7-1380-F4EC-5DDF3E371FEE}.Debug|Any CPU.ActiveCfg = Debug|Any CPU
		{820E7C0F-E7E7-1380-F4EC-5DDF3E371FEE}.Debug|Any CPU.Build.0 = Debug|Any CPU
		{820E7C0F-E7E7-1380-F4EC-5DDF3E371FEE}.Release|Any CPU.ActiveCfg = Release|Any CPU
		{820E7C0F-E7E7-1380-F4EC-5DDF3E371FEE}.Release|Any CPU.Build.0 = Release|Any CPU
		{8154C166-4041-1B69-BDD0-6C1506B8B551}.Debug|Any CPU.ActiveCfg = Debug|Any CPU
		{8154C166-4041-1B69-BDD0-6C1506B8B551}.Debug|Any CPU.Build.0 = Debug|Any CPU
		{8154C166-4041-1B69-BDD0-6C1506B8B551}.Release|Any CPU.ActiveCfg = Release|Any CPU
		{8154C166-4041-1B69-BDD0-6C1506B8B551}.Release|Any CPU.Build.0 = Release|Any CPU
		{1EBF83B4-3A6F-88E1-13F0-562AF2FDF6B9}.Debug|Any CPU.ActiveCfg = Debug|Any CPU
		{1EBF83B4-3A6F-88E1-13F0-562AF2FDF6B9}.Debug|Any CPU.Build.0 = Debug|Any CPU
		{1EBF83B4-3A6F-88E1-13F0-562AF2FDF6B9}.Release|Any CPU.ActiveCfg = Release|Any CPU
		{1EBF83B4-3A6F-88E1-13F0-562AF2FDF6B9}.Release|Any CPU.Build.0 = Release|Any CPU
		{262BB95C-909F-F933-244B-A77F53E19B04}.Debug|Any CPU.ActiveCfg = Debug|Any CPU
		{262BB95C-909F-F933-244B-A77F53E19B04}.Debug|Any CPU.Build.0 = Debug|Any CPU
		{262BB95C-909F-F933-244B-A77F53E19B04}.Release|Any CPU.ActiveCfg = Release|Any CPU
		{262BB95C-909F-F933-244B-A77F53E19B04}.Release|Any CPU.Build.0 = Release|Any CPU
	EndGlobalSection
	GlobalSection(SolutionProperties) = preSolution
		HideSolutionNode = FALSE
	EndGlobalSection
EndGlobal
