
Microsoft Visual Studio Solution File, Format Version 12.00
# Visual Studio 15
Project("{FAE04EC0-301F-11D3-BF4B-00C04F79EFBC}") = "PrimeTween.Demo", "PrimeTween.Demo.csproj", "{4DECB363-710D-F22B-D786-3CE67ED7955B}"
EndProject
Project("{FAE04EC0-301F-11D3-BF4B-00C04F79EFBC}") = "Assembly-CSharp", "Assembly-CSharp.csproj", "{D459EFB0-AA8B-9F13-365B-020A0FEBBEA9}"
EndProject
Project("{FAE04EC0-301F-11D3-BF4B-00C04F79EFBC}") = "Unity.XR.Interaction.Toolkit.Samples.StarterAssets.Editor", "Unity.XR.Interaction.Toolkit.Samples.StarterAssets.Editor.csproj", "{9210DBC4-1083-C1FD-7DDF-6260273CA5CA}"
EndProject
Project("{FAE04EC0-301F-11D3-BF4B-00C04F79EFBC}") = "PrimeTween.Debug", "PrimeTween.Debug.csproj", "{DF0283AC-02C3-5B2F-F3CE-BB1AB380DCFC}"
EndProject
Project("{FAE04EC0-301F-11D3-BF4B-00C04F79EFBC}") = "Unity.XR.Interaction.Toolkit.Samples.StarterAssets", "Unity.XR.Interaction.Toolkit.Samples.StarterAssets.csproj", "{FFB44C05-2D13-386C-6C89-1F732E8CB519}"
EndProject
Project("{FAE04EC0-301F-11D3-BF4B-00C04F79EFBC}") = "Unity.XR.Interaction.Toolkit.Samples.DeviceSimulator", "Unity.XR.Interaction.Toolkit.Samples.DeviceSimulator.csproj", "{889F9A5B-07D1-6056-4704-3DC0F33B8B72}"
EndProject
Project("{FAE04EC0-301F-11D3-BF4B-00C04F79EFBC}") = "PrimeTween.Installer", "PrimeTween.Installer.csproj", "{A0A38646-2187-D5E3-94DF-4CB0E0D93A5E}"
EndProject
Global
	GlobalSection(SolutionConfigurationPlatforms) = preSolution
		Debug|Any CPU = Debug|Any CPU
		Release|Any CPU = Release|Any CPU
	EndGlobalSection
	GlobalSection(ProjectConfigurationPlatforms) = postSolution
		{4DECB363-710D-F22B-D786-3CE67ED7955B}.Debug|Any CPU.ActiveCfg = Debug|Any CPU
		{4DECB363-710D-F22B-D786-3CE67ED7955B}.Debug|Any CPU.Build.0 = Debug|Any CPU
		{4DECB363-710D-F22B-D786-3CE67ED7955B}.Release|Any CPU.ActiveCfg = Release|Any CPU
		{4DECB363-710D-F22B-D786-3CE67ED7955B}.Release|Any CPU.Build.0 = Release|Any CPU
		{D459EFB0-AA8B-9F13-365B-020A0FEBBEA9}.Debug|Any CPU.ActiveCfg = Debug|Any CPU
		{D459EFB0-AA8B-9F13-365B-020A0FEBBEA9}.Debug|Any CPU.Build.0 = Debug|Any CPU
		{D459EFB0-AA8B-9F13-365B-020A0FEBBEA9}.Release|Any CPU.ActiveCfg = Release|Any CPU
		{D459EFB0-AA8B-9F13-365B-020A0FEBBEA9}.Release|Any CPU.Build.0 = Release|Any CPU
		{9210DBC4-1083-C1FD-7DDF-6260273CA5CA}.Debug|Any CPU.ActiveCfg = Debug|Any CPU
		{9210DBC4-1083-C1FD-7DDF-6260273CA5CA}.Debug|Any CPU.Build.0 = Debug|Any CPU
		{9210DBC4-1083-C1FD-7DDF-6260273CA5CA}.Release|Any CPU.ActiveCfg = Release|Any CPU
		{9210DBC4-1083-C1FD-7DDF-6260273CA5CA}.Release|Any CPU.Build.0 = Release|Any CPU
		{DF0283AC-02C3-5B2F-F3CE-BB1AB380DCFC}.Debug|Any CPU.ActiveCfg = Debug|Any CPU
		{DF0283AC-02C3-5B2F-F3CE-BB1AB380DCFC}.Debug|Any CPU.Build.0 = Debug|Any CPU
		{DF0283AC-02C3-5B2F-F3CE-BB1AB380DCFC}.Release|Any CPU.ActiveCfg = Release|Any CPU
		{DF0283AC-02C3-5B2F-F3CE-BB1AB380DCFC}.Release|Any CPU.Build.0 = Release|Any CPU
		{FFB44C05-2D13-386C-6C89-1F732E8CB519}.Debug|Any CPU.ActiveCfg = Debug|Any CPU
		{FFB44C05-2D13-386C-6C89-1F732E8CB519}.Debug|Any CPU.Build.0 = Debug|Any CPU
		{FFB44C05-2D13-386C-6C89-1F732E8CB519}.Release|Any CPU.ActiveCfg = Release|Any CPU
		{FFB44C05-2D13-386C-6C89-1F732E8CB519}.Release|Any CPU.Build.0 = Release|Any CPU
		{889F9A5B-07D1-6056-4704-3DC0F33B8B72}.Debug|Any CPU.ActiveCfg = Debug|Any CPU
		{889F9A5B-07D1-6056-4704-3DC0F33B8B72}.Debug|Any CPU.Build.0 = Debug|Any CPU
		{889F9A5B-07D1-6056-4704-3DC0F33B8B72}.Release|Any CPU.ActiveCfg = Release|Any CPU
		{889F9A5B-07D1-6056-4704-3DC0F33B8B72}.Release|Any CPU.Build.0 = Release|Any CPU
		{A0A38646-2187-D5E3-94DF-4CB0E0D93A5E}.Debug|Any CPU.ActiveCfg = Debug|Any CPU
		{A0A38646-2187-D5E3-94DF-4CB0E0D93A5E}.Debug|Any CPU.Build.0 = Debug|Any CPU
		{A0A38646-2187-D5E3-94DF-4CB0E0D93A5E}.Release|Any CPU.ActiveCfg = Release|Any CPU
		{A0A38646-2187-D5E3-94DF-4CB0E0D93A5E}.Release|Any CPU.Build.0 = Release|Any CPU
	EndGlobalSection
	GlobalSection(SolutionProperties) = preSolution
		HideSolutionNode = FALSE
	EndGlobalSection
EndGlobal
