
Microsoft Visual Studio Solution File, Format Version 12.00
# Visual Studio 15
Project("{FAE04EC0-301F-11D3-BF4B-00C04F79EFBC}") = "Assembly-CSharp", "Assembly-CSharp.csproj", "{52CC8300-3A81-1441-E2A1-1A05C8604DA6}"
EndProject
Project("{FAE04EC0-301F-11D3-BF4B-00C04F79EFBC}") = "Unity.XR.Interaction.Toolkit.Samples.StarterAssets.Editor", "Unity.XR.Interaction.Toolkit.Samples.StarterAssets.Editor.csproj", "{486BE0E3-C255-7147-B487-8D5BBCFEEC90}"
EndProject
Project("{FAE04EC0-301F-11D3-BF4B-00C04F79EFBC}") = "PrimeTween.Demo", "PrimeTween.Demo.csproj", "{8AE3C6C3-B6E1-A5C0-DC6E-B3793E06E05C}"
EndProject
Project("{FAE04EC0-301F-11D3-BF4B-00C04F79EFBC}") = "Unity.XR.Interaction.Toolkit.Samples.StarterAssets", "Unity.XR.Interaction.Toolkit.Samples.StarterAssets.csproj", "{897301FA-60C5-2560-C6EE-7FCFB3275014}"
EndProject
Project("{FAE04EC0-301F-11D3-BF4B-00C04F79EFBC}") = "Unity.XR.Interaction.Toolkit.Samples.DeviceSimulator", "Unity.XR.Interaction.Toolkit.Samples.DeviceSimulator.csproj", "{EE4BE9C5-5A12-8F1A-66C5-22F1EAE5CC50}"
EndProject
Project("{FAE04EC0-301F-11D3-BF4B-00C04F79EFBC}") = "PrimeTween.Debug", "PrimeTween.Debug.csproj", "{A4E17FBF-681D-D8DF-2244-C55FCF3497C3}"
EndProject
Project("{FAE04EC0-301F-11D3-BF4B-00C04F79EFBC}") = "PrimeTween.Installer", "PrimeTween.Installer.csproj", "{03492F86-00C8-D77C-EC16-6483891736CA}"
EndProject
Global
	GlobalSection(SolutionConfigurationPlatforms) = preSolution
		Debug|Any CPU = Debug|Any CPU
		Release|Any CPU = Release|Any CPU
	EndGlobalSection
	GlobalSection(ProjectConfigurationPlatforms) = postSolution
		{52CC8300-3A81-1441-E2A1-1A05C8604DA6}.Debug|Any CPU.ActiveCfg = Debug|Any CPU
		{52CC8300-3A81-1441-E2A1-1A05C8604DA6}.Debug|Any CPU.Build.0 = Debug|Any CPU
		{52CC8300-3A81-1441-E2A1-1A05C8604DA6}.Release|Any CPU.ActiveCfg = Release|Any CPU
		{52CC8300-3A81-1441-E2A1-1A05C8604DA6}.Release|Any CPU.Build.0 = Release|Any CPU
		{486BE0E3-C255-7147-B487-8D5BBCFEEC90}.Debug|Any CPU.ActiveCfg = Debug|Any CPU
		{486BE0E3-C255-7147-B487-8D5BBCFEEC90}.Debug|Any CPU.Build.0 = Debug|Any CPU
		{486BE0E3-C255-7147-B487-8D5BBCFEEC90}.Release|Any CPU.ActiveCfg = Release|Any CPU
		{486BE0E3-C255-7147-B487-8D5BBCFEEC90}.Release|Any CPU.Build.0 = Release|Any CPU
		{8AE3C6C3-B6E1-A5C0-DC6E-B3793E06E05C}.Debug|Any CPU.ActiveCfg = Debug|Any CPU
		{8AE3C6C3-B6E1-A5C0-DC6E-B3793E06E05C}.Debug|Any CPU.Build.0 = Debug|Any CPU
		{8AE3C6C3-B6E1-A5C0-DC6E-B3793E06E05C}.Release|Any CPU.ActiveCfg = Release|Any CPU
		{8AE3C6C3-B6E1-A5C0-DC6E-B3793E06E05C}.Release|Any CPU.Build.0 = Release|Any CPU
		{897301FA-60C5-2560-C6EE-7FCFB3275014}.Debug|Any CPU.ActiveCfg = Debug|Any CPU
		{897301FA-60C5-2560-C6EE-7FCFB3275014}.Debug|Any CPU.Build.0 = Debug|Any CPU
		{897301FA-60C5-2560-C6EE-7FCFB3275014}.Release|Any CPU.ActiveCfg = Release|Any CPU
		{897301FA-60C5-2560-C6EE-7FCFB3275014}.Release|Any CPU.Build.0 = Release|Any CPU
		{EE4BE9C5-5A12-8F1A-66C5-22F1EAE5CC50}.Debug|Any CPU.ActiveCfg = Debug|Any CPU
		{EE4BE9C5-5A12-8F1A-66C5-22F1EAE5CC50}.Debug|Any CPU.Build.0 = Debug|Any CPU
		{EE4BE9C5-5A12-8F1A-66C5-22F1EAE5CC50}.Release|Any CPU.ActiveCfg = Release|Any CPU
		{EE4BE9C5-5A12-8F1A-66C5-22F1EAE5CC50}.Release|Any CPU.Build.0 = Release|Any CPU
		{A4E17FBF-681D-D8DF-2244-C55FCF3497C3}.Debug|Any CPU.ActiveCfg = Debug|Any CPU
		{A4E17FBF-681D-D8DF-2244-C55FCF3497C3}.Debug|Any CPU.Build.0 = Debug|Any CPU
		{A4E17FBF-681D-D8DF-2244-C55FCF3497C3}.Release|Any CPU.ActiveCfg = Release|Any CPU
		{A4E17FBF-681D-D8DF-2244-C55FCF3497C3}.Release|Any CPU.Build.0 = Release|Any CPU
		{03492F86-00C8-D77C-EC16-6483891736CA}.Debug|Any CPU.ActiveCfg = Debug|Any CPU
		{03492F86-00C8-D77C-EC16-6483891736CA}.Debug|Any CPU.Build.0 = Debug|Any CPU
		{03492F86-00C8-D77C-EC16-6483891736CA}.Release|Any CPU.ActiveCfg = Release|Any CPU
		{03492F86-00C8-D77C-EC16-6483891736CA}.Release|Any CPU.Build.0 = Release|Any CPU
	EndGlobalSection
	GlobalSection(SolutionProperties) = preSolution
		HideSolutionNode = FALSE
	EndGlobalSection
EndGlobal
